
Microsoft Visual Studio Solution File, Format Version 12.00
# Visual Studio Version 17
VisualStudioVersion = 17.5.002.0
MinimumVisualStudioVersion = 10.0.40219.1
Project("{9A19103F-16F7-4668-BE54-9A1E7A4F7556}") = "WebAPIinVSC", "WebAPIinVSC.csproj", "{932632BE-4B74-46D2-862F-75323F3E996A}"
EndProject
Global
	GlobalSection(SolutionConfigurationPlatforms) = preSolution
		Debug|Any CPU = Debug|Any CPU
		Release|Any CPU = Release|Any CPU
	EndGlobalSection
	GlobalSection(ProjectConfigurationPlatforms) = postSolution
		{932632BE-4B74-46D2-862F-75323F3E996A}.Debug|Any CPU.ActiveCfg = Debug|Any CPU
		{932632BE-4B74-46D2-862F-75323F3E996A}.Debug|Any CPU.Build.0 = Debug|Any CPU
		{932632BE-4B74-46D2-862F-75323F3E996A}.Release|Any CPU.ActiveCfg = Release|Any CPU
		{932632BE-4B74-46D2-862F-75323F3E996A}.Release|Any CPU.Build.0 = Release|Any CPU
	EndGlobalSection
	GlobalSection(SolutionProperties) = preSolution
		HideSolutionNode = FALSE
	EndGlobalSection
	GlobalSection(ExtensibilityGlobals) = postSolution
		SolutionGuid = {45BC8EB6-C617-4C5C-9826-F2C0B66C0D53}
	EndGlobalSection
EndGlobal
